# THIS IS AN AUTOGENERATED FILE. DO NOT EDIT THIS FILE DIRECTLY.
# yarn lockfile v1


"@scarf/scarf@^1.1.1":
  version "1.1.1"
  resolved "https://registry.yarnpkg.com/@scarf/scarf/-/scarf-1.1.1.tgz#d8b9f20037b3a37dbf8dcdc4b3b72f9285bfce35"
  integrity sha512-VGbKDbk1RFIaSmdVb0cNjjWJoRWRI/Weo23AjRCC2nryO0iAS8pzsToJfPVPtVs74WHw4L1UTADNdIYRLkirZQ==

"@tonconnect/protocol@^2.0.1":
  version "2.0.1"
  resolved "https://registry.yarnpkg.com/@tonconnect/protocol/-/protocol-2.0.1.tgz#9f1675e95cc7a376a140cbbe95cf84b8ff4d78ea"
  integrity sha512-jkSj6EKjIlHnJxrtxdlO7KqVJe41yrIgqamGZiqziKH6iwx0m9YyKvuIREd6CmWY2jbsev3BvBWqPp9KH6HrRw==
  dependencies:
    tweetnacl-util "^0.15.1"

"@tonconnect/sdk@^2.0.7":
  version "2.0.7"
  resolved "https://registry.yarnpkg.com/@tonconnect/sdk/-/sdk-2.0.7.tgz#e615b0b82e25572c55c054eb715209d7e56fb56c"
  integrity sha512-MDbA5RhkVbSQQYXsLuVXLATROSQgDJSIx9Y2HIPohfU44PH6vaJ1cBrv9nogIoAQUM2tNuBXC0w+RcFT+eRTCg==
  dependencies:
    "@tonconnect/protocol" "^2.0.1"
    deepmerge "^4.2.2"
    eventsource "^2.0.2"
    node-fetch "^2.6.7"
    tweetnacl "^1.0.3"

"@types/bn.js@^5.1.0":
  version "5.1.1"
  resolved "https://registry.yarnpkg.com/@types/bn.js/-/bn.js-5.1.1.tgz#b51e1b55920a4ca26e9285ff79936bbdec910682"
  integrity sha512-qNrYbZqMx0uJAfKnKclPh+dTwK33KfLHYqtyODwd5HnXOjnkhc4qgn3BrK6RWyGZm5+sIFE7Q7Vz6QQtJB7w7g==
  dependencies:
    "@types/node" "*"

"@types/node@*", "@types/node@^18.11.18":
  version "18.11.18"
  resolved "https://registry.yarnpkg.com/@types/node/-/node-18.11.18.tgz#8dfb97f0da23c2293e554c5a50d61ef134d7697f"
  integrity sha512-DHQpWGjyQKSHj3ebjFI/wRKcqQcdR+MoFBygntYOZytCqNfkd2ZC4ARDJ2DQqhjH5p85Nnd3jhUJIXrszFX/JA==

"@types/qrcode-terminal@^0.12.0":
  version "0.12.0"
  resolved "https://registry.yarnpkg.com/@types/qrcode-terminal/-/qrcode-terminal-0.12.0.tgz#cee13a96db9346e3240e2128290465db56799961"
  integrity sha512-g0fQKl3IVnUePV8tLkiBTduxAVSZsXts444T2aMfjOEGxd7XoeSIs16/AmRe2NlcJLqbvsOBSXov7dKSo4wigA==

arg@^5.0.2:
  version "5.0.2"
  resolved "https://registry.yarnpkg.com/arg/-/arg-5.0.2.tgz#c81433cc427c92c4dcf4865142dbca6f15acd59c"
  integrity sha512-PYjyFOLKQ9y57JvQ6QLo8dAgNqswh8M1RMJYdQduT6xbWSgK36P/Z/v+p888pM69jMMfS8Xd8F6I1kQ/I9HUGg==

asynckit@^0.4.0:
  version "0.4.0"
  resolved "https://registry.yarnpkg.com/asynckit/-/asynckit-0.4.0.tgz#c79ed97f7f34cb8f2ba1bc9790bcc366474b4b79"
  integrity sha512-Oei9OH4tRh0YqU3GxhX79dM/mwVgvbZJaSNaRk+bshkj0S5cfHcgYakreBjrHwatXKbz+IoIdYLxrKim2MjW0Q==

axios@^0.25.0:
  version "0.25.0"
  resolved "https://registry.yarnpkg.com/axios/-/axios-0.25.0.tgz#349cfbb31331a9b4453190791760a8d35b093e0a"
  integrity sha512-cD8FOb0tRH3uuEe6+evtAbgJtfxr7ly3fQjYcMcuPlgkwVS9xboaVIpcDV+cYQe+yGykgwZCs1pzjntcGa6l5g==
  dependencies:
    follow-redirects "^1.14.7"

axios@^0.27.0:
  version "0.27.2"
  resolved "https://registry.yarnpkg.com/axios/-/axios-0.27.2.tgz#207658cc8621606e586c85db4b41a750e756d972"
  integrity sha512-t+yRIyySRTp/wua5xEr+z1q60QmLq8ABsS5O9Me1AsE5dfKqgnCFzwiCZZ/cGNd1lq4/7akDWMxdhVlucjmnOQ==
  dependencies:
    follow-redirects "^1.14.9"
    form-data "^4.0.0"

bn.js@4.11.6:
  version "4.11.6"
  resolved "https://registry.yarnpkg.com/bn.js/-/bn.js-4.11.6.tgz#53344adb14617a13f6e8dd2ce28905d1c0ba3215"
  integrity sha512-XWwnNNFCuuSQ0m3r3C4LE3EiORltHd9M05pq6FOlVeiophzRbMo50Sbz1ehl8K3Z+jw9+vmgnXefY1hz8X+2wA==

bn.js@5.2.0:
  version "5.2.0"
  resolved "https://registry.yarnpkg.com/bn.js/-/bn.js-5.2.0.tgz#358860674396c6997771a9d051fcc1b57d4ae002"
  integrity sha512-D7iWRBvnZE8ecXiLj/9wbxH7Tk79fAh8IHaTNq1RWRixsS02W+5qS+iE9yq6RYl0asXx5tw0bLhmT5pIfbSquw==

bn.js@^5.2.0:
  version "5.2.1"
  resolved "https://registry.yarnpkg.com/bn.js/-/bn.js-5.2.1.tgz#0bc527a6a0d18d0aa8d5b0538ce4a77dccfa7b70"
  integrity sha512-eXRvHzWyYPBuB4NBy0cmYQjGitUrtqwbvlzP3G6VFnNRbsZQIxQ10PbKKHt8gZ/HW/D/747aDl+QkDqg3KQLMQ==

combined-stream@^1.0.8:
  version "1.0.8"
  resolved "https://registry.yarnpkg.com/combined-stream/-/combined-stream-1.0.8.tgz#c3d45a8b34fd730631a110a8a2520682b31d5a7f"
  integrity sha512-FQN4MRfuJeHf7cBbBMJFXhKSDq+2kAArBlmRBvcvFE5BB1HZKXtSFASDhdlz9zOYwxh8lDdnvmMOe/+5cdoEdg==
  dependencies:
    delayed-stream "~1.0.0"

dataloader@^2.0.0:
  version "2.1.0"
  resolved "https://registry.yarnpkg.com/dataloader/-/dataloader-2.1.0.tgz#c69c538235e85e7ac6c6c444bae8ecabf5de9df7"
  integrity sha512-qTcEYLen3r7ojZNgVUaRggOI+KM7jrKxXeSHhogh/TWxYMeONEMqY+hmkobiYQozsGIyg9OYVzO4ZIfoB4I0pQ==

deepmerge@^4.2.2:
  version "4.3.0"
  resolved "https://registry.yarnpkg.com/deepmerge/-/deepmerge-4.3.0.tgz#65491893ec47756d44719ae520e0e2609233b59b"
  integrity sha512-z2wJZXrmeHdvYJp/Ux55wIjqo81G5Bp4c+oELTW+7ar6SogWHajt5a9gO3s3IDaGSAXjDk0vlQKN3rms8ab3og==

delayed-stream@~1.0.0:
  version "1.0.0"
  resolved "https://registry.yarnpkg.com/delayed-stream/-/delayed-stream-1.0.0.tgz#df3ae199acadfb7d440aaae0b29e2272b24ec619"
  integrity sha512-ZySD7Nf91aLB0RxL4KGrKHBXl7Eds1DAmEdcoVawXnLD7SDhpNgtuII2aAkg7a7QS41jxPSZ17p4VdGnMHk3MQ==

ethjs-unit@0.1.6:
  version "0.1.6"
  resolved "https://registry.yarnpkg.com/ethjs-unit/-/ethjs-unit-0.1.6.tgz#c665921e476e87bce2a9d588a6fe0405b2c41699"
  integrity sha512-/Sn9Y0oKl0uqQuvgFk/zQgR7aw1g36qX/jzSQ5lSwlO0GigPymk4eGQfeNTD03w1dPOqfz8V77Cy43jH56pagw==
  dependencies:
    bn.js "4.11.6"
    number-to-bn "1.7.0"

eventsource@^2.0.2:
  version "2.0.2"
  resolved "https://registry.yarnpkg.com/eventsource/-/eventsource-2.0.2.tgz#76dfcc02930fb2ff339520b6d290da573a9e8508"
  integrity sha512-IzUmBGPR3+oUG9dUeXynyNmf91/3zUSJg1lCktzKw47OXuhco54U3r9B7O4XX+Rb1Itm9OZ2b0RkTs10bICOxA==

follow-redirects@^1.14.7, follow-redirects@^1.14.9:
  version "1.15.2"
  resolved "https://registry.yarnpkg.com/follow-redirects/-/follow-redirects-1.15.2.tgz#b460864144ba63f2681096f274c4e57026da2c13"
  integrity sha512-VQLG33o04KaQ8uYi2tVNbdrWp1QWxNNea+nmIB4EVM28v0hmP17z7aG1+wAkNzVq4KeXTq3221ye5qTJP91JwA==

form-data@^4.0.0:
  version "4.0.0"
  resolved "https://registry.yarnpkg.com/form-data/-/form-data-4.0.0.tgz#93919daeaf361ee529584b9b31664dc12c9fa452"
  integrity sha512-ETEklSGi5t0QMZuiXoA/Q6vcnxcLQP5vdugSpuAyi6SVGi2clPPp+xgEhuMaHC+zGgn31Kd235W35f7Hykkaww==
  dependencies:
    asynckit "^0.4.0"
    combined-stream "^1.0.8"
    mime-types "^2.1.12"

fp-ts@^2.11.1, fp-ts@^2.12.0:
  version "2.13.1"
  resolved "https://registry.yarnpkg.com/fp-ts/-/fp-ts-2.13.1.tgz#1bf2b24136cca154846af16752dc29e8fa506f2a"
  integrity sha512-0eu5ULPS2c/jsa1lGFneEFFEdTbembJv8e4QKXeVJ3lm/5hyve06dlKZrpxmMwJt6rYen7sxmHHK2CLaXvWuWQ==

io-ts-reporters@^2.0.0:
  version "2.0.1"
  resolved "https://registry.yarnpkg.com/io-ts-reporters/-/io-ts-reporters-2.0.1.tgz#0154545aefd115f0f175a41743ed7327d19b1c34"
  integrity sha512-RVpLstYBsmTGgCW9wJ5KVyN/eRnRUDp87Flt4D1O3aJ7oAnd8csq8aXuu7ZeNK8qEDKmjUl9oUuzfwikaNAMKQ==
  dependencies:
    "@scarf/scarf" "^1.1.1"

io-ts@^2.2.16:
  version "2.2.20"
  resolved "https://registry.yarnpkg.com/io-ts/-/io-ts-2.2.20.tgz#be42b75f6668a2c44f706f72ee6e4c906777c7f5"
  integrity sha512-Rq2BsYmtwS5vVttie4rqrOCIfHCS9TgpRLFpKQCM1wZBBRY9nWVGmEvm2FnDbSE2un1UE39DvFpTR5UL47YDcA==

is-hex-prefixed@1.0.0:
  version "1.0.0"
  resolved "https://registry.yarnpkg.com/is-hex-prefixed/-/is-hex-prefixed-1.0.0.tgz#7d8d37e6ad77e5d127148913c573e082d777f554"
  integrity sha512-WvtOiug1VFrE9v1Cydwm+FnXd3+w9GaeVUss5W4v/SLy3UW00vP+6iNF2SdnfiBoLy4bTqVdkftNGTUeOFVsbA==

jssha@3.2.0:
  version "3.2.0"
  resolved "https://registry.yarnpkg.com/jssha/-/jssha-3.2.0.tgz#88ec50b866dd1411deaddbe6b3e3692e4c710f16"
  integrity sha512-QuruyBENDWdN4tZwJbQq7/eAK85FqrI4oDbXjy5IBhYD+2pTJyBUWZe8ctWaCkrV0gy6AaelgOZZBMeswEa/6Q==

mime-db@1.52.0:
  version "1.52.0"
  resolved "https://registry.yarnpkg.com/mime-db/-/mime-db-1.52.0.tgz#bbabcdc02859f4987301c856e3387ce5ec43bf70"
  integrity sha512-sPU4uV7dYlvtWJxwwxHD0PuihVNiE7TyAbQ5SWxDCB9mUYvOgroQOwYQQOKPJ8CIbE+1ETVlOoK1UC2nU3gYvg==

mime-types@^2.1.12:
  version "2.1.35"
  resolved "https://registry.yarnpkg.com/mime-types/-/mime-types-2.1.35.tgz#381a871b62a734450660ae3deee44813f70d959a"
  integrity sha512-ZDY+bPm5zTTF+YpCrAU9nK0UgICYPT0QtT1NZWFv4s++TNkcgVaT0g6+4R2uI4MjQjzysHB1zxuWL50hzaeXiw==
  dependencies:
    mime-db "1.52.0"

node-fetch@^2.6.7:
  version "2.6.8"
  resolved "https://registry.yarnpkg.com/node-fetch/-/node-fetch-2.6.8.tgz#a68d30b162bc1d8fd71a367e81b997e1f4d4937e"
  integrity sha512-RZ6dBYuj8dRSfxpUSu+NsdF1dpPpluJxwOp+6IoDp/sH2QNDSvurYsAa+F1WxY2RjA1iP93xhcsUoYbF2XBqVg==
  dependencies:
    whatwg-url "^5.0.0"

number-to-bn@1.7.0:
  version "1.7.0"
  resolved "https://registry.yarnpkg.com/number-to-bn/-/number-to-bn-1.7.0.tgz#bb3623592f7e5f9e0030b1977bd41a0c53fe1ea0"
  integrity sha512-wsJ9gfSz1/s4ZsJN01lyonwuxA1tml6X1yBDnfpMglypcBRFZZkus26EdPSlqS5GJfYddVZa22p3VNb3z5m5Ig==
  dependencies:
    bn.js "4.11.6"
    strip-hex-prefix "1.0.0"

qrcode-terminal@^0.12.0:
  version "0.12.0"
  resolved "https://registry.yarnpkg.com/qrcode-terminal/-/qrcode-terminal-0.12.0.tgz#bb5b699ef7f9f0505092a3748be4464fe71b5819"
  integrity sha512-EXtzRZmC+YGmGlDFbXKxQiMZNwCLEO6BANKXG4iCtSIM0yqc/pappSx3RIKr4r0uh5JsBckOXeKrB3Iz7mdQpQ==

strip-hex-prefix@1.0.0:
  version "1.0.0"
  resolved "https://registry.yarnpkg.com/strip-hex-prefix/-/strip-hex-prefix-1.0.0.tgz#0c5f155fef1151373377de9dbb588da05500e36f"
  integrity sha512-q8d4ue7JGEiVcypji1bALTos+0pWtyGlivAWyPuTkHzuTCJqrK9sWxYQZUq6Nq3cuyv3bm734IhHvHtGGURU6A==
  dependencies:
    is-hex-prefixed "1.0.0"

symbol.inspect@1.0.1:
  version "1.0.1"
  resolved "https://registry.yarnpkg.com/symbol.inspect/-/symbol.inspect-1.0.1.tgz#e13125b8038c4996eb0dfa1567332ad4dcd0763f"
  integrity sha512-YQSL4duoHmLhsTD1Pw8RW6TZ5MaTX5rXJnqacJottr2P2LZBF/Yvrc3ku4NUpMOm8aM0KOCqM+UAkMA5HWQCzQ==

teslabot@^1.3.0, teslabot@^1.5.0:
  version "1.5.0"
  resolved "https://registry.yarnpkg.com/teslabot/-/teslabot-1.5.0.tgz#70f544516699ca5f696d8ae94f3d12cd495d5cd6"
  integrity sha512-e2MmELhCgrgZEGo7PQu/6bmYG36IDH+YrBI1iGm6jovXkeDIGa3pZ2WSqRjzkuw2vt1EqfkZoV5GpXgqL8QJVg==

ton-core@^0.46.0:
  version "0.46.0"
  resolved "https://registry.yarnpkg.com/ton-core/-/ton-core-0.46.0.tgz#4138606fccf7fa45dc5c6cd6dcf1d1f17b2d4215"
  integrity sha512-QUOlL98652rsOPTIvB01+MsAgLI1ehvpsngYzNWr7pxHOk4xk64Adq0StTmqGEchkzjhNowIo3gzwGGPrxo3zw==
  dependencies:
    symbol.inspect "1.0.1"

ton-crypto-primitives@2.0.0:
  version "2.0.0"
  resolved "https://registry.yarnpkg.com/ton-crypto-primitives/-/ton-crypto-primitives-2.0.0.tgz#e85cd68c0d523f6bdf3f306201a76e51b7e9312e"
  integrity sha512-K+qKjpS0h9sPW6oExcpxnzuQ7nEgHEiDKwIqE/jWD25o8iFGe3FWj1gKxFNbKE9wwYKc5IV8FwrU+raF0KO5nQ==
  dependencies:
    jssha "3.2.0"

ton-crypto@2.1.0:
  version "2.1.0"
  resolved "https://registry.yarnpkg.com/ton-crypto/-/ton-crypto-2.1.0.tgz#10b1de64a9cd92bde5a8a6678f952f49335c7e9a"
  integrity sha512-PZnmCOShfgq9tCRM8E7hG8nCkpkOyZvDLPXmZN92ZEBrfTT0NKKf0imndkxG5DkgWMjc6IKfgpnEaJDH9qN6ZQ==
  dependencies:
    jssha "3.2.0"
    ton-crypto-primitives "2.0.0"
    tweetnacl "1.0.3"

ton-crypto@^3.0.0:
  version "3.2.0"
  resolved "https://registry.yarnpkg.com/ton-crypto/-/ton-crypto-3.2.0.tgz#cf8cd5410d8f04b04b359f80415b11efb312c60e"
  integrity sha512-fltdBNQ45gARMuGMEOjPZWPJ5eSql8p3CA0Dj7tPv5lhU5ziT8SxXLAzDraR9HJ8YpjBHLVvYyhMLRiEwxgtMQ==
  dependencies:
    jssha "3.2.0"
    ton-crypto-primitives "2.0.0"
    tweetnacl "1.0.3"

ton-x@^2.1.0:
  version "2.1.0"
  resolved "https://registry.yarnpkg.com/ton-x/-/ton-x-2.1.0.tgz#d4983a5c487bbcbe76b5e374ad346024afb06b4e"
  integrity sha512-AJx4kRaRqPdTCQO8ik8E0aICg4NutUgTxnepbjoc7Emi3bMKoANiketmOFK07+vFX9QQO2NoJnqM8kgSsposhw==
  dependencies:
    "@types/bn.js" "^5.1.0"
    axios "^0.27.0"
    bn.js "^5.2.0"
    fp-ts "^2.12.0"
    io-ts "^2.2.16"
    teslabot "^1.5.0"
    ton "9.8.0"
    ton-crypto "^3.0.0"

ton@9.8.0:
  version "9.8.0"
  resolved "https://registry.yarnpkg.com/ton/-/ton-9.8.0.tgz#28bc72276ebcacf9dff24f617505c55ccaa614ef"
  integrity sha512-aH/7ODiEulPRZracSfQ4KeaV6iDmzjn14+YMsZ9x0sNlzhtP4blMIFXPJFp4BOc4INb5vTrfA0u+JtOoXlBO0A==
  dependencies:
    axios "^0.25.0"
    bn.js "5.2.0"
    dataloader "^2.0.0"
    ethjs-unit "0.1.6"
    fp-ts "^2.11.1"
    io-ts "^2.2.16"
    io-ts-reporters "^2.0.0"
    symbol.inspect "1.0.1"
    teslabot "^1.3.0"
    ton-crypto "2.1.0"
    tweetnacl "1.0.3"

tr46@~0.0.3:
  version "0.0.3"
  resolved "https://registry.yarnpkg.com/tr46/-/tr46-0.0.3.tgz#8184fd347dac9cdc185992f3a6622e14b9d9ab6a"
  integrity sha512-N3WMsuqV66lT30CrXNbEjx4GEwlow3v6rr4mCcv6prnfwhS01rkgyFdjPNBYd9br7LpXV1+Emh01fHnq2Gdgrw==

tweetnacl-util@^0.15.1:
  version "0.15.1"
  resolved "https://registry.yarnpkg.com/tweetnacl-util/-/tweetnacl-util-0.15.1.tgz#b80fcdb5c97bcc508be18c44a4be50f022eea00b"
  integrity sha512-RKJBIj8lySrShN4w6i/BonWp2Z/uxwC3h4y7xsRrpP59ZboCd0GpEVsOnMDYLMmKBpYhb5TgHzZXy7wTfYFBRw==

tweetnacl@1.0.3, tweetnacl@^1.0.3:
  version "1.0.3"
  resolved "https://registry.yarnpkg.com/tweetnacl/-/tweetnacl-1.0.3.tgz#ac0af71680458d8a6378d0d0d050ab1407d35596"
  integrity sha512-6rt+RN7aOi1nGMyC4Xa5DdYiukl2UWCbcJft7YhxReBGQD7OAM8Pbxw6YMo4r2diNEA8FEmu32YOn9rhaiE5yw==

typescript@^4.9.4:
  version "4.9.4"
  resolved "https://registry.yarnpkg.com/typescript/-/typescript-4.9.4.tgz#a2a3d2756c079abda241d75f149df9d561091e78"
  integrity sha512-Uz+dTXYzxXXbsFpM86Wh3dKCxrQqUcVMxwU54orwlJjOpO3ao8L7j5lH+dWfTwgCwIuM9GQ2kvVotzYJMXTBZg==

webidl-conversions@^3.0.0:
  version "3.0.1"
  resolved "https://registry.yarnpkg.com/webidl-conversions/-/webidl-conversions-3.0.1.tgz#24534275e2a7bc6be7bc86611cc16ae0a5654871"
  integrity sha512-2JAn3z8AR6rjK8Sm8orRC0h/bcl/DqL7tRPdGZ4I1CjdF+EaMLmYxBHyXuKL849eucPFhvBoxMsflfOb8kxaeQ==

whatwg-url@^5.0.0:
  version "5.0.0"
  resolved "https://registry.yarnpkg.com/whatwg-url/-/whatwg-url-5.0.0.tgz#966454e8765462e37644d3626f6742ce8b70965d"
  integrity sha512-saE57nupxk6v3HY35+jzBwYa0rKSy0XR8JSxZPwgLr7ys0IBzhGviA1/TUGJLmSVqs8pb9AnvICXEuOHLprYTw==
  dependencies:
    tr46 "~0.0.3"
    webidl-conversions "^3.0.0"
